
Microsoft Visual Studio Solution File, Format Version 12.00
# Visual Studio Version 16
VisualStudioVersion = 16.0.31515.178
MinimumVisualStudioVersion = 10.0.40219.1
Project("{FAE04EC0-301F-11D3-BF4B-00C04F79EFBC}") = "MyDemo2", "MyDemo2\MyDemo2.csproj", "{57CAC526-2EC8-48E3-B0E9-4DAA9B7655B0}"
EndProject
Global
	GlobalSection(SolutionConfigurationPlatforms) = preSolution
		Debug|Any CPU = Debug|Any CPU
		Release|Any CPU = Release|Any CPU
	EndGlobalSection
	GlobalSection(ProjectConfigurationPlatforms) = postSolution
		{57CAC526-2EC8-48E3-B0E9-4DAA9B7655B0}.Debug|Any CPU.ActiveCfg = Debug|Any CPU
		{57CAC526-2EC8-48E3-B0E9-4DAA9B7655B0}.Debug|Any CPU.Build.0 = Debug|Any CPU
		{57CAC526-2EC8-48E3-B0E9-4DAA9B7655B0}.Release|Any CPU.ActiveCfg = Release|Any CPU
		{57CAC526-2EC8-48E3-B0E9-4DAA9B7655B0}.Release|Any CPU.Build.0 = Release|Any CPU
	EndGlobalSection
	GlobalSection(SolutionProperties) = preSolution
		HideSolutionNode = FALSE
	EndGlobalSection
	GlobalSection(ExtensibilityGlobals) = postSolution
		SolutionGuid = {795B8D75-2FC2-45C9-946F-F46C831F9B4C}
	EndGlobalSection
EndGlobal
